
Microsoft Visual Studio Solution File, Format Version 12.00
# Visual Studio Version 17
VisualStudioVersion = 17.3.32922.545
MinimumVisualStudioVersion = 10.0.40219.1
Project("{2150E333-8FDC-42A3-9474-1A3956D46DE8}") = "src", "src", "{F084CF9E-6FFF-4600-B7C7-8BD806E9BE95}"
EndProject
Project("{2150E333-8FDC-42A3-9474-1A3956D46DE8}") = "corePackages", "corePackages", "{F736A4FC-CDB5-48EE-8A33-0A412D7B5D45}"
EndProject
Project("{FAE04EC0-301F-11D3-BF4B-00C04F79EFBC}") = "Core.Application", "src\corePackages\Core.Application\Core.Application.csproj", "{B2A8C793-184E-421E-930B-5A9D78F7BF43}"
EndProject
Project("{FAE04EC0-301F-11D3-BF4B-00C04F79EFBC}") = "Core.CrossCuttingConcerns", "src\corePackages\Core.CrossCuttingConcerns\Core.CrossCuttingConcerns.csproj", "{B31A86CF-DA09-4DBD-BE64-CB9A06EFAEF3}"
EndProject
Project("{FAE04EC0-301F-11D3-BF4B-00C04F79EFBC}") = "Core.ElasticSearch", "src\corePackages\Core.ElasticSearch\Core.ElasticSearch.csproj", "{74ED05C5-E5E1-44F8-949B-CD676D7D0DB7}"
EndProject
Project("{FAE04EC0-301F-11D3-BF4B-00C04F79EFBC}") = "Core.Mailing", "src\corePackages\Core.Mailing\Core.Mailing.csproj", "{7EF9415F-8968-4E59-A021-3782C0A30C37}"
EndProject
Project("{FAE04EC0-301F-11D3-BF4B-00C04F79EFBC}") = "Core.Persistence", "src\corePackages\Core.Persistence\Core.Persistence.csproj", "{6378744D-F7CC-467A-919F-C8172984AFE5}"
EndProject
Project("{FAE04EC0-301F-11D3-BF4B-00C04F79EFBC}") = "Core.Security", "src\corePackages\Core.Security\Core.Security.csproj", "{9D02570E-E491-4FE9-BF01-41A1B80A8F36}"
EndProject
Project("{2150E333-8FDC-42A3-9474-1A3956D46DE8}") = "projects", "projects", "{806FB9D9-25FB-4DA7-B190-13C86E54172D}"
EndProject
Project("{2150E333-8FDC-42A3-9474-1A3956D46DE8}") = "Kodlama.io.Devs", "Kodlama.io.Devs", "{1FD8F111-175B-4426-AF63-56576E4F9C92}"
EndProject
Project("{FAE04EC0-301F-11D3-BF4B-00C04F79EFBC}") = "Application", "src\projects\Kodlama.io.Devs\Application\Application.csproj", "{80874A2B-7013-4C8F-BA8A-F78FD63B000E}"
EndProject
Project("{FAE04EC0-301F-11D3-BF4B-00C04F79EFBC}") = "Domain", "src\projects\Kodlama.io.Devs\Domain\Domain.csproj", "{92CD7F69-4A00-4FC5-BCBF-CDFFC2698ADE}"
EndProject
Project("{FAE04EC0-301F-11D3-BF4B-00C04F79EFBC}") = "Infrastructure", "src\projects\Kodlama.io.Devs\Infrastructure\Infrastructure.csproj", "{05F1282A-C933-4CB2-9974-66EA2C884F8E}"
EndProject
Project("{FAE04EC0-301F-11D3-BF4B-00C04F79EFBC}") = "Persistence", "src\projects\Kodlama.io.Devs\Persistence\Persistence.csproj", "{1491CBF6-34E2-4320-B548-D7535D26B303}"
EndProject
Project("{FAE04EC0-301F-11D3-BF4B-00C04F79EFBC}") = "WepAPI", "src\projects\Kodlama.io.Devs\WepAPI\WepAPI.csproj", "{D1A2C65A-2D12-4E7C-8482-C3816DC79239}"
EndProject
Global
	GlobalSection(SolutionConfigurationPlatforms) = preSolution
		Debug|Any CPU = Debug|Any CPU
		Release|Any CPU = Release|Any CPU
	EndGlobalSection
	GlobalSection(ProjectConfigurationPlatforms) = postSolution
		{B2A8C793-184E-421E-930B-5A9D78F7BF43}.Debug|Any CPU.ActiveCfg = Debug|Any CPU
		{B2A8C793-184E-421E-930B-5A9D78F7BF43}.Debug|Any CPU.Build.0 = Debug|Any CPU
		{B2A8C793-184E-421E-930B-5A9D78F7BF43}.Release|Any CPU.ActiveCfg = Release|Any CPU
		{B2A8C793-184E-421E-930B-5A9D78F7BF43}.Release|Any CPU.Build.0 = Release|Any CPU
		{B31A86CF-DA09-4DBD-BE64-CB9A06EFAEF3}.Debug|Any CPU.ActiveCfg = Debug|Any CPU
		{B31A86CF-DA09-4DBD-BE64-CB9A06EFAEF3}.Debug|Any CPU.Build.0 = Debug|Any CPU
		{B31A86CF-DA09-4DBD-BE64-CB9A06EFAEF3}.Release|Any CPU.ActiveCfg = Release|Any CPU
		{B31A86CF-DA09-4DBD-BE64-CB9A06EFAEF3}.Release|Any CPU.Build.0 = Release|Any CPU
		{74ED05C5-E5E1-44F8-949B-CD676D7D0DB7}.Debug|Any CPU.ActiveCfg = Debug|Any CPU
		{74ED05C5-E5E1-44F8-949B-CD676D7D0DB7}.Debug|Any CPU.Build.0 = Debug|Any CPU
		{74ED05C5-E5E1-44F8-949B-CD676D7D0DB7}.Release|Any CPU.ActiveCfg = Release|Any CPU
		{74ED05C5-E5E1-44F8-949B-CD676D7D0DB7}.Release|Any CPU.Build.0 = Release|Any CPU
		{7EF9415F-8968-4E59-A021-3782C0A30C37}.Debug|Any CPU.ActiveCfg = Debug|Any CPU
		{7EF9415F-8968-4E59-A021-3782C0A30C37}.Debug|Any CPU.Build.0 = Debug|Any CPU
		{7EF9415F-8968-4E59-A021-3782C0A30C37}.Release|Any CPU.ActiveCfg = Release|Any CPU
		{7EF9415F-8968-4E59-A021-3782C0A30C37}.Release|Any CPU.Build.0 = Release|Any CPU
		{6378744D-F7CC-467A-919F-C8172984AFE5}.Debug|Any CPU.ActiveCfg = Debug|Any CPU
		{6378744D-F7CC-467A-919F-C8172984AFE5}.Debug|Any CPU.Build.0 = Debug|Any CPU
		{6378744D-F7CC-467A-919F-C8172984AFE5}.Release|Any CPU.ActiveCfg = Release|Any CPU
		{6378744D-F7CC-467A-919F-C8172984AFE5}.Release|Any CPU.Build.0 = Release|Any CPU
		{9D02570E-E491-4FE9-BF01-41A1B80A8F36}.Debug|Any CPU.ActiveCfg = Debug|Any CPU
		{9D02570E-E491-4FE9-BF01-41A1B80A8F36}.Debug|Any CPU.Build.0 = Debug|Any CPU
		{9D02570E-E491-4FE9-BF01-41A1B80A8F36}.Release|Any CPU.ActiveCfg = Release|Any CPU
		{9D02570E-E491-4FE9-BF01-41A1B80A8F36}.Release|Any CPU.Build.0 = Release|Any CPU
		{80874A2B-7013-4C8F-BA8A-F78FD63B000E}.Debug|Any CPU.ActiveCfg = Debug|Any CPU
		{80874A2B-7013-4C8F-BA8A-F78FD63B000E}.Debug|Any CPU.Build.0 = Debug|Any CPU
		{80874A2B-7013-4C8F-BA8A-F78FD63B000E}.Release|Any CPU.ActiveCfg = Release|Any CPU
		{80874A2B-7013-4C8F-BA8A-F78FD63B000E}.Release|Any CPU.Build.0 = Release|Any CPU
		{92CD7F69-4A00-4FC5-BCBF-CDFFC2698ADE}.Debug|Any CPU.ActiveCfg = Debug|Any CPU
		{92CD7F69-4A00-4FC5-BCBF-CDFFC2698ADE}.Debug|Any CPU.Build.0 = Debug|Any CPU
		{92CD7F69-4A00-4FC5-BCBF-CDFFC2698ADE}.Release|Any CPU.ActiveCfg = Release|Any CPU
		{92CD7F69-4A00-4FC5-BCBF-CDFFC2698ADE}.Release|Any CPU.Build.0 = Release|Any CPU
		{05F1282A-C933-4CB2-9974-66EA2C884F8E}.Debug|Any CPU.ActiveCfg = Debug|Any CPU
		{05F1282A-C933-4CB2-9974-66EA2C884F8E}.Debug|Any CPU.Build.0 = Debug|Any CPU
		{05F1282A-C933-4CB2-9974-66EA2C884F8E}.Release|Any CPU.ActiveCfg = Release|Any CPU
		{05F1282A-C933-4CB2-9974-66EA2C884F8E}.Release|Any CPU.Build.0 = Release|Any CPU
		{1491CBF6-34E2-4320-B548-D7535D26B303}.Debug|Any CPU.ActiveCfg = Debug|Any CPU
		{1491CBF6-34E2-4320-B548-D7535D26B303}.Debug|Any CPU.Build.0 = Debug|Any CPU
		{1491CBF6-34E2-4320-B548-D7535D26B303}.Release|Any CPU.ActiveCfg = Release|Any CPU
		{1491CBF6-34E2-4320-B548-D7535D26B303}.Release|Any CPU.Build.0 = Release|Any CPU
		{D1A2C65A-2D12-4E7C-8482-C3816DC79239}.Debug|Any CPU.ActiveCfg = Debug|Any CPU
		{D1A2C65A-2D12-4E7C-8482-C3816DC79239}.Debug|Any CPU.Build.0 = Debug|Any CPU
		{D1A2C65A-2D12-4E7C-8482-C3816DC79239}.Release|Any CPU.ActiveCfg = Release|Any CPU
		{D1A2C65A-2D12-4E7C-8482-C3816DC79239}.Release|Any CPU.Build.0 = Release|Any CPU
	EndGlobalSection
	GlobalSection(SolutionProperties) = preSolution
		HideSolutionNode = FALSE
	EndGlobalSection
	GlobalSection(NestedProjects) = preSolution
		{F736A4FC-CDB5-48EE-8A33-0A412D7B5D45} = {F084CF9E-6FFF-4600-B7C7-8BD806E9BE95}
		{B2A8C793-184E-421E-930B-5A9D78F7BF43} = {F736A4FC-CDB5-48EE-8A33-0A412D7B5D45}
		{B31A86CF-DA09-4DBD-BE64-CB9A06EFAEF3} = {F736A4FC-CDB5-48EE-8A33-0A412D7B5D45}
		{74ED05C5-E5E1-44F8-949B-CD676D7D0DB7} = {F736A4FC-CDB5-48EE-8A33-0A412D7B5D45}
		{7EF9415F-8968-4E59-A021-3782C0A30C37} = {F736A4FC-CDB5-48EE-8A33-0A412D7B5D45}
		{6378744D-F7CC-467A-919F-C8172984AFE5} = {F736A4FC-CDB5-48EE-8A33-0A412D7B5D45}
		{9D02570E-E491-4FE9-BF01-41A1B80A8F36} = {F736A4FC-CDB5-48EE-8A33-0A412D7B5D45}
		{806FB9D9-25FB-4DA7-B190-13C86E54172D} = {F084CF9E-6FFF-4600-B7C7-8BD806E9BE95}
		{1FD8F111-175B-4426-AF63-56576E4F9C92} = {806FB9D9-25FB-4DA7-B190-13C86E54172D}
		{80874A2B-7013-4C8F-BA8A-F78FD63B000E} = {1FD8F111-175B-4426-AF63-56576E4F9C92}
		{92CD7F69-4A00-4FC5-BCBF-CDFFC2698ADE} = {1FD8F111-175B-4426-AF63-56576E4F9C92}
		{05F1282A-C933-4CB2-9974-66EA2C884F8E} = {1FD8F111-175B-4426-AF63-56576E4F9C92}
		{1491CBF6-34E2-4320-B548-D7535D26B303} = {1FD8F111-175B-4426-AF63-56576E4F9C92}
		{D1A2C65A-2D12-4E7C-8482-C3816DC79239} = {1FD8F111-175B-4426-AF63-56576E4F9C92}
	EndGlobalSection
	GlobalSection(ExtensibilityGlobals) = postSolution
		SolutionGuid = {0DA743BA-EF78-49D5-ACDC-500827BBFF71}
	EndGlobalSection
EndGlobal
